{
    "_meta": {
        "hash": {
            "sha256": "dffb6cf909adf4f3b420cd4afaccc33bb3c89fd0d3c4b0fa739e35645be34989"
        },
        "pipfile-spec": 6,
        "requires": {
            "python_version": "3.7"
        },
        "sources": [
            {
                "name": "pypi",
                "url": "https://pypi.org/simple",
                "verify_ssl": true
            }
        ]
    },
    "default": {
        "asgiref": {
            "hashes": [
                "sha256:71e68008da809b957b7ee4b43dbccff33d1b23519fb8344e33f049897077afac",
                "sha256:9567dfe7bd8d3c8c892227827c41cce860b368104c3431da67a0c5a65a949506"
            ],
            "markers": "python_version >= '3.7'",
            "version": "==3.6.0"
        },
        "django": {
            "hashes": [
                "sha256:9f8be75646f62204320b195062b1d696ba28aa3d45ee72fb7c888ffaebc5bdb2",
                "sha256:a6e0d1ff11095b7394c079ade7094c73b2dc3df4a7a373c9b58ed73b77a97feb"
            ],
            "index": "pypi",
            "version": "==3.1.13"
        },
        "django-annoying": {
            "hashes": [
                "sha256:083b5e26f140f86178fcb47931f69b7ff75181ccd1e318d9c218ae9babc1805e",
                "sha256:e230f28fec0559b4fdb621ff202068a78170ada2ac1ec7a73ba822cc1f737791"
            ],
            "version": "==0.10.6"
        },
        "django-filter": {
            "hashes": [
                "sha256:632a251fa8f1aadb4b8cceff932bb52fe2f826dd7dfe7f3eac40e5c463d6836e",
                "sha256:f4a6737a30104c98d2e2a5fb93043f36dd7978e0c7ddc92f5998e85433ea5063"
            ],
            "markers": "python_version >= '3.6'",
            "version": "==21.1"
        },
        "django-jsonstore": {
            "hashes": [
                "sha256:5aeeac300ee1b93ca26708fbf3fc48cf7b92aaff638ef05b80a59f70d23cfb79",
                "sha256:fe49dd134b2c86ac434f77244be28102616783521c22de6d361879824b6d1a27"
            ],
            "version": "==0.5.1"
        },
        "django-material": {
            "hashes": [
                "sha256:502dc88c2f61f190fdc401666e83b47da00cbda98477af6ed8b7d43944ce6407",
                "sha256:f8758afe1beabc16a3c54f5437c7fea15946b7d068eedd89c97d57a363793950"
            ],
            "index": "pypi",
            "version": "==1.6.3"
        },
        "django-viewflow": {
            "hashes": [
                "sha256:2c3e2f932907c4b54f66a2fb8968b5391ca7783bd07a67e2d76ddf224a3851d2",
                "sha256:6d0d1cd089ca839a0e1ce4b0cf33bd3b34125a7c46241b8ec6b14092a74af60e"
            ],
            "index": "pypi",
            "version": "==1.6.0"
        },
        "material": {
            "hashes": [
                "sha256:99a6a68527b0faff78d9ae85d3838d7eb350922f8b15d536945c515cd8418c42"
            ],
            "index": "pypi",
            "version": "==0.1"
        },
        "pytz": {
            "hashes": [
                "sha256:1d8ce29db189191fb55338ee6d0387d82ab59f3d00eac103412d64e0ebd0c588",
                "sha256:a151b3abb88eda1d4e34a9814df37de2a80e301e68ba0fd856fb9b46bfbbbffb"
            ],
            "version": "==2023.3"
        },
        "six": {
            "hashes": [
                "sha256:1e61c37477a1626458e36f7b1d82aa5c9b094fa4802892072e49de9c60c4c926",
                "sha256:8abb2f1d86890a2dfb989f9a77cfcfd3e47c2a354b01111771326f8aa26e0254"
            ],
            "markers": "python_version >= '2.7' and python_version not in '3.0, 3.1, 3.2, 3.3'",
            "version": "==1.16.0"
        },
        "sqlparse": {
            "hashes": [
                "sha256:5430a4fe2ac7d0f93e66f1efc6e1338a41884b7ddf2a350cedd20ccc4d9d28f3",
                "sha256:d446183e84b8349fa3061f0fe7f06ca94ba65b426946ffebe6e3e8295332420c"
            ],
            "index": "pypi",
            "version": "==0.4.4"
        },
        "typing-extensions": {
            "hashes": [
                "sha256:5cb5f4a79139d699607b3ef622a1dedafa84e115ab0024e0d9c044a9479ca7cb",
                "sha256:fb33085c39dd998ac16d1431ebc293a8b3eedd00fd4a32de0ff79002c19511b4"
            ],
            "markers": "python_version < '3.8'",
            "version": "==4.5.0"
        }
    },
    "develop": {}
}
