{
    "_meta": {
        "hash": {
            "sha256": "dffb6cf909adf4f3b420cd4afaccc33bb3c89fd0d3c4b0fa739e35645be34989"
        },
        "pipfile-spec": 6,
        "requires": {
            "python_version": "3.7"
        },
        "sources": [
            {
                "name": "pypi",
                "url": "https://pypi.org/simple",
                "verify_ssl": true
            }
        ]
    },
    "default": {
        "asgiref": {
            "hashes": [
                "sha256:5ee950735509d04eb673bd7f7120f8fa1c9e2df495394992c73234d526907e17",
                "sha256:7162a3cb30ab0609f1a4c95938fd73e8604f63bdba516a7f7d64b83ff09478f0"
            ],
            "version": "==3.3.1"
        },
        "django": {
            "hashes": [
                "sha256:169e2e7b4839a7910b393eec127fd7cbae62e80fa55f89c6510426abf673fe5f",
                "sha256:c6c0462b8b361f8691171af1fb87eceb4442da28477e12200c40420176206ba7"
            ],
            "index": "pypi",
            "version": "==3.1.6"
        },
        "django-annoying": {
            "hashes": [
                "sha256:083b5e26f140f86178fcb47931f69b7ff75181ccd1e318d9c218ae9babc1805e",
                "sha256:e230f28fec0559b4fdb621ff202068a78170ada2ac1ec7a73ba822cc1f737791"
            ],
            "version": "==0.10.6"
        },
        "django-filter": {
            "hashes": [
                "sha256:84e9d5bb93f237e451db814ed422a3a625751cbc9968b484ecc74964a8696b06",
                "sha256:e00d32cebdb3d54273c48f4f878f898dced8d5dfaad009438fe61ebdf535ace1"
            ],
            "version": "==2.4.0"
        },
        "django-jsonstore": {
            "hashes": [
                "sha256:896dc10b08f59807eda1c6cebf43cd26e50d0db29d13495c027dc31e464be3c3",
                "sha256:9630c1fb43ae9f8e32733c5cf7d4c3775ba6f08532f517c64025053352d72844"
            ],
            "version": "==0.5.0"
        },
        "django-material": {
            "hashes": [
                "sha256:502dc88c2f61f190fdc401666e83b47da00cbda98477af6ed8b7d43944ce6407",
                "sha256:f8758afe1beabc16a3c54f5437c7fea15946b7d068eedd89c97d57a363793950"
            ],
            "index": "pypi",
            "version": "==1.6.3"
        },
        "django-viewflow": {
            "hashes": [
                "sha256:2c3e2f932907c4b54f66a2fb8968b5391ca7783bd07a67e2d76ddf224a3851d2",
                "sha256:6d0d1cd089ca839a0e1ce4b0cf33bd3b34125a7c46241b8ec6b14092a74af60e"
            ],
            "index": "pypi",
            "version": "==1.6.0"
        },
        "material": {
            "hashes": [
                "sha256:99a6a68527b0faff78d9ae85d3838d7eb350922f8b15d536945c515cd8418c42"
            ],
            "index": "pypi",
            "version": "==0.1"
        },
        "pytz": {
            "hashes": [
                "sha256:83a4a90894bf38e243cf052c8b58f381bfe9a7a483f6a9cab140bc7f702ac4da",
                "sha256:eb10ce3e7736052ed3623d49975ce333bcd712c7bb19a58b9e2089d4057d0798"
            ],
            "version": "==2021.1"
        },
        "six": {
            "hashes": [
                "sha256:30639c035cdb23534cd4aa2dd52c3bf48f06e5f4a941509c8bafd8ce11080259",
                "sha256:8b74bedcbbbaca38ff6d7491d76f2b06b3592611af620f8426e82dddb04a5ced"
            ],
            "version": "==1.15.0"
        },
        "sqlparse": {
            "hashes": [
                "sha256:017cde379adbd6a1f15a61873f43e8274179378e95ef3fede90b5aa64d304ed0",
                "sha256:0f91fd2e829c44362cbcfab3e9ae12e22badaa8a29ad5ff599f9ec109f0454e8"
            ],
            "version": "==0.4.1"
        }
    },
    "develop": {}
}
