{
    "_meta": {
        "hash": {
            "sha256": "dffb6cf909adf4f3b420cd4afaccc33bb3c89fd0d3c4b0fa739e35645be34989"
        },
        "pipfile-spec": 6,
        "requires": {
            "python_version": "3.7"
        },
        "sources": [
            {
                "name": "pypi",
                "url": "https://pypi.org/simple",
                "verify_ssl": true
            }
        ]
    },
    "default": {
        "asgiref": {
            "hashes": [
                "sha256:4ef1ab46b484e3c706329cedeff284a5d40824200638503f5768edb6de7d58e9",
                "sha256:ffc141aa908e6f175673e7b1b3b7af4fdb0ecb738fc5c8b88f69f055c2415214"
            ],
            "markers": "python_version >= '3.6'",
            "version": "==3.4.1"
        },
        "django": {
            "hashes": [
                "sha256:9f8be75646f62204320b195062b1d696ba28aa3d45ee72fb7c888ffaebc5bdb2",
                "sha256:a6e0d1ff11095b7394c079ade7094c73b2dc3df4a7a373c9b58ed73b77a97feb"
            ],
            "index": "pypi",
            "version": "==3.1.13"
        },
        "django-annoying": {
            "hashes": [
                "sha256:083b5e26f140f86178fcb47931f69b7ff75181ccd1e318d9c218ae9babc1805e",
                "sha256:e230f28fec0559b4fdb621ff202068a78170ada2ac1ec7a73ba822cc1f737791"
            ],
            "version": "==0.10.6"
        },
        "django-filter": {
            "hashes": [
                "sha256:84e9d5bb93f237e451db814ed422a3a625751cbc9968b484ecc74964a8696b06",
                "sha256:e00d32cebdb3d54273c48f4f878f898dced8d5dfaad009438fe61ebdf535ace1"
            ],
            "markers": "python_version >= '3.5'",
            "version": "==2.4.0"
        },
        "django-jsonstore": {
            "hashes": [
                "sha256:896dc10b08f59807eda1c6cebf43cd26e50d0db29d13495c027dc31e464be3c3",
                "sha256:9630c1fb43ae9f8e32733c5cf7d4c3775ba6f08532f517c64025053352d72844"
            ],
            "version": "==0.5.0"
        },
        "django-material": {
            "hashes": [
                "sha256:502dc88c2f61f190fdc401666e83b47da00cbda98477af6ed8b7d43944ce6407",
                "sha256:f8758afe1beabc16a3c54f5437c7fea15946b7d068eedd89c97d57a363793950"
            ],
            "index": "pypi",
            "version": "==1.6.3"
        },
        "django-viewflow": {
            "hashes": [
                "sha256:2c3e2f932907c4b54f66a2fb8968b5391ca7783bd07a67e2d76ddf224a3851d2",
                "sha256:6d0d1cd089ca839a0e1ce4b0cf33bd3b34125a7c46241b8ec6b14092a74af60e"
            ],
            "index": "pypi",
            "version": "==1.6.0"
        },
        "material": {
            "hashes": [
                "sha256:99a6a68527b0faff78d9ae85d3838d7eb350922f8b15d536945c515cd8418c42"
            ],
            "index": "pypi",
            "version": "==0.1"
        },
        "pytz": {
            "hashes": [
                "sha256:83a4a90894bf38e243cf052c8b58f381bfe9a7a483f6a9cab140bc7f702ac4da",
                "sha256:eb10ce3e7736052ed3623d49975ce333bcd712c7bb19a58b9e2089d4057d0798"
            ],
            "version": "==2021.1"
        },
        "six": {
            "hashes": [
                "sha256:1e61c37477a1626458e36f7b1d82aa5c9b094fa4802892072e49de9c60c4c926",
                "sha256:8abb2f1d86890a2dfb989f9a77cfcfd3e47c2a354b01111771326f8aa26e0254"
            ],
            "markers": "python_version >= '2.7' and python_version not in '3.0, 3.1, 3.2, 3.3'",
            "version": "==1.16.0"
        },
        "sqlparse": {
            "hashes": [
                "sha256:0c00730c74263a94e5a9919ade150dfc3b19c574389985446148402998287dae",
                "sha256:48719e356bb8b42991bdbb1e8b83223757b93789c00910a616a071910ca4a64d"
            ],
            "markers": "python_version >= '3.5'",
            "version": "==0.4.2"
        },
        "typing-extensions": {
            "hashes": [
                "sha256:49f75d16ff11f1cd258e1b988ccff82a3ca5570217d7ad8c5f48205dd99a677e",
                "sha256:d8226d10bc02a29bcc81df19a26e56a9647f8b0a6d4a83924139f4a8b01f17b7",
                "sha256:f1d25edafde516b146ecd0613dabcc61409817af4766fbbcfb8d1ad4ec441a34"
            ],
            "markers": "python_version < '3.8'",
            "version": "==3.10.0.2"
        }
    },
    "develop": {}
}
